
Microsoft Visual Studio Solution File, Format Version 12.00
# Visual Studio Version 16
VisualStudioVersion = 16.0.31205.134
MinimumVisualStudioVersion = 10.0.40219.1
Project("{FAE04EC0-301F-11D3-BF4B-00C04F79EFBC}") = "Bancodescente", "Bancodescente\Bancodescente.csproj", "{D4BB3C47-60CE-4CC2-9AE9-9D4901D6D28F}"
EndProject
Global
	GlobalSection(SolutionConfigurationPlatforms) = preSolution
		Debug|Any CPU = Debug|Any CPU
		Release|Any CPU = Release|Any CPU
	EndGlobalSection
	GlobalSection(ProjectConfigurationPlatforms) = postSolution
		{D4BB3C47-60CE-4CC2-9AE9-9D4901D6D28F}.Debug|Any CPU.ActiveCfg = Debug|Any CPU
		{D4BB3C47-60CE-4CC2-9AE9-9D4901D6D28F}.Debug|Any CPU.Build.0 = Debug|Any CPU
		{D4BB3C47-60CE-4CC2-9AE9-9D4901D6D28F}.Release|Any CPU.ActiveCfg = Release|Any CPU
		{D4BB3C47-60CE-4CC2-9AE9-9D4901D6D28F}.Release|Any CPU.Build.0 = Release|Any CPU
	EndGlobalSection
	GlobalSection(SolutionProperties) = preSolution
		HideSolutionNode = FALSE
	EndGlobalSection
	GlobalSection(ExtensibilityGlobals) = postSolution
		SolutionGuid = {7D94456C-AB3D-4EC0-B29A-C75C5F04A7ED}
	EndGlobalSection
EndGlobal
